
Microsoft Visual Studio Solution File, Format Version 12.00
Project("{FAE04EC0-301F-11D3-BF4B-00C04F79EFBC}") = "LongestCommonPrefixBenchmarks", "LongestCommonPrefixBenchmarks\LongestCommonPrefixBenchmarks.csproj", "{53E7006A-9A5F-4F01-B3A2-B315439E2F23}"
EndProject
Project("{FAE04EC0-301F-11D3-BF4B-00C04F79EFBC}") = "LongestCommonPrefixTests", "LongestCommonPrefixTests\LongestCommonPrefixTests.csproj", "{78427C85-27A0-4B47-8D4B-3DA365C8C60D}"
EndProject
Global
	GlobalSection(SolutionConfigurationPlatforms) = preSolution
		Debug|Any CPU = Debug|Any CPU
		Release|Any CPU = Release|Any CPU
	EndGlobalSection
	GlobalSection(ProjectConfigurationPlatforms) = postSolution
		{53E7006A-9A5F-4F01-B3A2-B315439E2F23}.Debug|Any CPU.ActiveCfg = Debug|Any CPU
		{53E7006A-9A5F-4F01-B3A2-B315439E2F23}.Debug|Any CPU.Build.0 = Debug|Any CPU
		{53E7006A-9A5F-4F01-B3A2-B315439E2F23}.Release|Any CPU.ActiveCfg = Release|Any CPU
		{53E7006A-9A5F-4F01-B3A2-B315439E2F23}.Release|Any CPU.Build.0 = Release|Any CPU
		{78427C85-27A0-4B47-8D4B-3DA365C8C60D}.Debug|Any CPU.ActiveCfg = Debug|Any CPU
		{78427C85-27A0-4B47-8D4B-3DA365C8C60D}.Debug|Any CPU.Build.0 = Debug|Any CPU
		{78427C85-27A0-4B47-8D4B-3DA365C8C60D}.Release|Any CPU.ActiveCfg = Release|Any CPU
		{78427C85-27A0-4B47-8D4B-3DA365C8C60D}.Release|Any CPU.Build.0 = Release|Any CPU
	EndGlobalSection
EndGlobal
